
Microsoft Visual Studio Solution File, Format Version 12.00
# Visual Studio Version 16
VisualStudioVersion = 16.0.29806.167
MinimumVisualStudioVersion = 10.0.40219.1
Project("{FAE04EC0-301F-11D3-BF4B-00C04F79EFBC}") = "AlotAddOnGUI", "AlotAddOnGUI\AlotAddOnGUI.csproj", "{C091BEC9-74DD-46DA-9452-24125BCF573B}"
EndProject
Project("{FAE04EC0-301F-11D3-BF4B-00C04F79EFBC}") = "ManifestSizeGenerator", "ManifestSizeGenerator\ManifestSizeGenerator.csproj", "{7FDFF682-A8D9-46DD-B394-98600D1C68D9}"
EndProject
Project("{8BC9CEB8-8B4A-11D0-8D11-00A0C91BC942}") = "ALOTDetector", "ALOTDetector\ALOTDetector.vcxproj", "{C197E169-C6E0-414B-91F5-DF7CD3375BB2}"
EndProject
Global
	GlobalSection(SolutionConfigurationPlatforms) = preSolution
		Debug|Any CPU = Debug|Any CPU
		Debug|x64 = Debug|x64
		Debug|x86 = Debug|x86
		Release|Any CPU = Release|Any CPU
		Release|x64 = Release|x64
		Release|x86 = Release|x86
	EndGlobalSection
	GlobalSection(ProjectConfigurationPlatforms) = postSolution
		{C091BEC9-74DD-46DA-9452-24125BCF573B}.Debug|Any CPU.ActiveCfg = Debug|x64
		{C091BEC9-74DD-46DA-9452-24125BCF573B}.Debug|x64.ActiveCfg = Debug|x64
		{C091BEC9-74DD-46DA-9452-24125BCF573B}.Debug|x64.Build.0 = Debug|x64
		{C091BEC9-74DD-46DA-9452-24125BCF573B}.Debug|x86.ActiveCfg = Debug|x64
		{C091BEC9-74DD-46DA-9452-24125BCF573B}.Release|Any CPU.ActiveCfg = Release|x64
		{C091BEC9-74DD-46DA-9452-24125BCF573B}.Release|x64.ActiveCfg = Release|x64
		{C091BEC9-74DD-46DA-9452-24125BCF573B}.Release|x64.Build.0 = Release|x64
		{C091BEC9-74DD-46DA-9452-24125BCF573B}.Release|x86.ActiveCfg = Release|x64
		{7FDFF682-A8D9-46DD-B394-98600D1C68D9}.Debug|Any CPU.ActiveCfg = Debug|Any CPU
		{7FDFF682-A8D9-46DD-B394-98600D1C68D9}.Debug|Any CPU.Build.0 = Debug|Any CPU
		{7FDFF682-A8D9-46DD-B394-98600D1C68D9}.Debug|x64.ActiveCfg = Debug|Any CPU
		{7FDFF682-A8D9-46DD-B394-98600D1C68D9}.Debug|x64.Build.0 = Debug|Any CPU
		{7FDFF682-A8D9-46DD-B394-98600D1C68D9}.Debug|x86.ActiveCfg = Debug|Any CPU
		{7FDFF682-A8D9-46DD-B394-98600D1C68D9}.Debug|x86.Build.0 = Debug|Any CPU
		{7FDFF682-A8D9-46DD-B394-98600D1C68D9}.Release|Any CPU.ActiveCfg = Release|Any CPU
		{7FDFF682-A8D9-46DD-B394-98600D1C68D9}.Release|Any CPU.Build.0 = Release|Any CPU
		{7FDFF682-A8D9-46DD-B394-98600D1C68D9}.Release|x64.ActiveCfg = Release|Any CPU
		{7FDFF682-A8D9-46DD-B394-98600D1C68D9}.Release|x86.ActiveCfg = Release|Any CPU
		{7FDFF682-A8D9-46DD-B394-98600D1C68D9}.Release|x86.Build.0 = Release|Any CPU
		{C197E169-C6E0-414B-91F5-DF7CD3375BB2}.Debug|Any CPU.ActiveCfg = Debug|Win32
		{C197E169-C6E0-414B-91F5-DF7CD3375BB2}.Debug|x64.ActiveCfg = Debug|Win32
		{C197E169-C6E0-414B-91F5-DF7CD3375BB2}.Debug|x64.Build.0 = Debug|Win32
		{C197E169-C6E0-414B-91F5-DF7CD3375BB2}.Debug|x86.ActiveCfg = Debug|Win32
		{C197E169-C6E0-414B-91F5-DF7CD3375BB2}.Debug|x86.Build.0 = Debug|Win32
		{C197E169-C6E0-414B-91F5-DF7CD3375BB2}.Release|Any CPU.ActiveCfg = Release|Win32
		{C197E169-C6E0-414B-91F5-DF7CD3375BB2}.Release|Any CPU.Build.0 = Release|Win32
		{C197E169-C6E0-414B-91F5-DF7CD3375BB2}.Release|x64.ActiveCfg = Release|Win32
		{C197E169-C6E0-414B-91F5-DF7CD3375BB2}.Release|x86.ActiveCfg = Release|Win32
		{C197E169-C6E0-414B-91F5-DF7CD3375BB2}.Release|x86.Build.0 = Release|Win32
	EndGlobalSection
	GlobalSection(SolutionProperties) = preSolution
		HideSolutionNode = FALSE
	EndGlobalSection
	GlobalSection(ExtensibilityGlobals) = postSolution
		SolutionGuid = {7AEFC532-07E4-4561-BAB7-8CF470FED72A}
	EndGlobalSection
EndGlobal
