
Microsoft Visual Studio Solution File, Format Version 12.00
# Visual Studio Version 16
VisualStudioVersion = 16.0.30225.117
MinimumVisualStudioVersion = 10.0.40219.1
Project("{FAE04EC0-301F-11D3-BF4B-00C04F79EFBC}") = "AlotAddOnGUI", "AlotAddOnGUI\AlotAddOnGUI.csproj", "{C091BEC9-74DD-46DA-9452-24125BCF573B}"
EndProject
Project("{FAE04EC0-301F-11D3-BF4B-00C04F79EFBC}") = "ManifestSizeGenerator", "ManifestSizeGenerator\ManifestSizeGenerator.csproj", "{7FDFF682-A8D9-46DD-B394-98600D1C68D9}"
EndProject
Project("{9A19103F-16F7-4668-BE54-9A1E7A4F7556}") = "ALOTInstallerCore", "ALOTInstallerCore\ALOTInstallerCore.csproj", "{A5529F25-A3E2-49DB-9079-FACBEB4C5F99}"
EndProject
Project("{9A19103F-16F7-4668-BE54-9A1E7A4F7556}") = "ALOTInstallerWPF", "ALOTInstallerWPF\ALOTInstallerWPF.csproj", "{08714872-9365-4FF2-AC2C-8B7A730D03AE}"
EndProject
Project("{9A19103F-16F7-4668-BE54-9A1E7A4F7556}") = "ALOTInstallerConsole", "ALOTInstallerConsole\ALOTInstallerConsole.csproj", "{EB29B923-9CF3-4498-8F9A-0073898CA948}"
EndProject
Project("{9A19103F-16F7-4668-BE54-9A1E7A4F7556}") = "Terminal.Gui", "gui.cs\Terminal.Gui\Terminal.Gui.csproj", "{B5865ACF-8535-4D8C-86C9-53F34A3557F7}"
EndProject
Project("{9A19103F-16F7-4668-BE54-9A1E7A4F7556}") = "MahApps.Metro", "MahApps.Metro\src\MahApps.Metro\MahApps.Metro.csproj", "{EFD2D72E-9954-4E14-890B-3FF564ADBEFB}"
EndProject
Global
	GlobalSection(SolutionConfigurationPlatforms) = preSolution
		Debug|Any CPU = Debug|Any CPU
		Debug|x64 = Debug|x64
		LDebug|Any CPU = LDebug|Any CPU
		LDebug|x64 = LDebug|x64
		MDebug|Any CPU = MDebug|Any CPU
		MDebug|x64 = MDebug|x64
		Release|Any CPU = Release|Any CPU
		Release|x64 = Release|x64
		WDebug|Any CPU = WDebug|Any CPU
		WDebug|x64 = WDebug|x64
	EndGlobalSection
	GlobalSection(ProjectConfigurationPlatforms) = postSolution
		{C091BEC9-74DD-46DA-9452-24125BCF573B}.Debug|Any CPU.ActiveCfg = Debug|x64
		{C091BEC9-74DD-46DA-9452-24125BCF573B}.Debug|x64.ActiveCfg = Debug|x64
		{C091BEC9-74DD-46DA-9452-24125BCF573B}.Debug|x64.Build.0 = Debug|x64
		{C091BEC9-74DD-46DA-9452-24125BCF573B}.LDebug|Any CPU.ActiveCfg = Release|x64
		{C091BEC9-74DD-46DA-9452-24125BCF573B}.LDebug|Any CPU.Build.0 = Release|x64
		{C091BEC9-74DD-46DA-9452-24125BCF573B}.LDebug|x64.ActiveCfg = Debug|x64
		{C091BEC9-74DD-46DA-9452-24125BCF573B}.MDebug|Any CPU.ActiveCfg = Release|x64
		{C091BEC9-74DD-46DA-9452-24125BCF573B}.MDebug|Any CPU.Build.0 = Release|x64
		{C091BEC9-74DD-46DA-9452-24125BCF573B}.MDebug|x64.ActiveCfg = Debug|x64
		{C091BEC9-74DD-46DA-9452-24125BCF573B}.Release|Any CPU.ActiveCfg = Release|x64
		{C091BEC9-74DD-46DA-9452-24125BCF573B}.Release|x64.ActiveCfg = Release|x64
		{C091BEC9-74DD-46DA-9452-24125BCF573B}.Release|x64.Build.0 = Release|x64
		{C091BEC9-74DD-46DA-9452-24125BCF573B}.WDebug|Any CPU.ActiveCfg = Release|x64
		{C091BEC9-74DD-46DA-9452-24125BCF573B}.WDebug|Any CPU.Build.0 = Release|x64
		{C091BEC9-74DD-46DA-9452-24125BCF573B}.WDebug|x64.ActiveCfg = Debug|x64
		{7FDFF682-A8D9-46DD-B394-98600D1C68D9}.Debug|Any CPU.ActiveCfg = Debug|x64
		{7FDFF682-A8D9-46DD-B394-98600D1C68D9}.Debug|x64.ActiveCfg = Debug|x64
		{7FDFF682-A8D9-46DD-B394-98600D1C68D9}.Debug|x64.Build.0 = Debug|x64
		{7FDFF682-A8D9-46DD-B394-98600D1C68D9}.LDebug|Any CPU.ActiveCfg = Release|x64
		{7FDFF682-A8D9-46DD-B394-98600D1C68D9}.LDebug|x64.ActiveCfg = Debug|x64
		{7FDFF682-A8D9-46DD-B394-98600D1C68D9}.MDebug|Any CPU.ActiveCfg = Release|x64
		{7FDFF682-A8D9-46DD-B394-98600D1C68D9}.MDebug|x64.ActiveCfg = Debug|x64
		{7FDFF682-A8D9-46DD-B394-98600D1C68D9}.Release|Any CPU.ActiveCfg = Release|x64
		{7FDFF682-A8D9-46DD-B394-98600D1C68D9}.Release|x64.ActiveCfg = Release|x64
		{7FDFF682-A8D9-46DD-B394-98600D1C68D9}.Release|x64.Build.0 = Release|x64
		{7FDFF682-A8D9-46DD-B394-98600D1C68D9}.WDebug|Any CPU.ActiveCfg = Release|x64
		{7FDFF682-A8D9-46DD-B394-98600D1C68D9}.WDebug|x64.ActiveCfg = Debug|x64
		{A5529F25-A3E2-49DB-9079-FACBEB4C5F99}.Debug|Any CPU.ActiveCfg = Debug|x64
		{A5529F25-A3E2-49DB-9079-FACBEB4C5F99}.Debug|x64.ActiveCfg = Debug|x64
		{A5529F25-A3E2-49DB-9079-FACBEB4C5F99}.Debug|x64.Build.0 = Debug|x64
		{A5529F25-A3E2-49DB-9079-FACBEB4C5F99}.LDebug|Any CPU.ActiveCfg = WDebug|x64
		{A5529F25-A3E2-49DB-9079-FACBEB4C5F99}.LDebug|Any CPU.Build.0 = WDebug|x64
		{A5529F25-A3E2-49DB-9079-FACBEB4C5F99}.LDebug|x64.ActiveCfg = Debug|x64
		{A5529F25-A3E2-49DB-9079-FACBEB4C5F99}.LDebug|x64.Build.0 = Debug|x64
		{A5529F25-A3E2-49DB-9079-FACBEB4C5F99}.MDebug|Any CPU.ActiveCfg = WDebug|x64
		{A5529F25-A3E2-49DB-9079-FACBEB4C5F99}.MDebug|Any CPU.Build.0 = WDebug|x64
		{A5529F25-A3E2-49DB-9079-FACBEB4C5F99}.MDebug|x64.ActiveCfg = Debug|x64
		{A5529F25-A3E2-49DB-9079-FACBEB4C5F99}.MDebug|x64.Build.0 = Debug|x64
		{A5529F25-A3E2-49DB-9079-FACBEB4C5F99}.Release|Any CPU.ActiveCfg = Release|x64
		{A5529F25-A3E2-49DB-9079-FACBEB4C5F99}.Release|x64.ActiveCfg = Release|x64
		{A5529F25-A3E2-49DB-9079-FACBEB4C5F99}.Release|x64.Build.0 = Release|x64
		{A5529F25-A3E2-49DB-9079-FACBEB4C5F99}.WDebug|Any CPU.ActiveCfg = WDebug|x64
		{A5529F25-A3E2-49DB-9079-FACBEB4C5F99}.WDebug|x64.ActiveCfg = WDebug|x64
		{A5529F25-A3E2-49DB-9079-FACBEB4C5F99}.WDebug|x64.Build.0 = WDebug|x64
		{08714872-9365-4FF2-AC2C-8B7A730D03AE}.Debug|Any CPU.ActiveCfg = Debug|x64
		{08714872-9365-4FF2-AC2C-8B7A730D03AE}.Debug|x64.ActiveCfg = Debug|x64
		{08714872-9365-4FF2-AC2C-8B7A730D03AE}.Debug|x64.Build.0 = Debug|x64
		{08714872-9365-4FF2-AC2C-8B7A730D03AE}.LDebug|Any CPU.ActiveCfg = Release|x64
		{08714872-9365-4FF2-AC2C-8B7A730D03AE}.LDebug|Any CPU.Build.0 = Release|x64
		{08714872-9365-4FF2-AC2C-8B7A730D03AE}.LDebug|x64.ActiveCfg = Debug|x64
		{08714872-9365-4FF2-AC2C-8B7A730D03AE}.MDebug|Any CPU.ActiveCfg = Release|x64
		{08714872-9365-4FF2-AC2C-8B7A730D03AE}.MDebug|Any CPU.Build.0 = Release|x64
		{08714872-9365-4FF2-AC2C-8B7A730D03AE}.MDebug|x64.ActiveCfg = Debug|x64
		{08714872-9365-4FF2-AC2C-8B7A730D03AE}.Release|Any CPU.ActiveCfg = Release|x64
		{08714872-9365-4FF2-AC2C-8B7A730D03AE}.Release|x64.ActiveCfg = Release|x64
		{08714872-9365-4FF2-AC2C-8B7A730D03AE}.Release|x64.Build.0 = Release|x64
		{08714872-9365-4FF2-AC2C-8B7A730D03AE}.WDebug|Any CPU.ActiveCfg = Release|x64
		{08714872-9365-4FF2-AC2C-8B7A730D03AE}.WDebug|Any CPU.Build.0 = Release|x64
		{08714872-9365-4FF2-AC2C-8B7A730D03AE}.WDebug|x64.ActiveCfg = Debug|x64
		{EB29B923-9CF3-4498-8F9A-0073898CA948}.Debug|Any CPU.ActiveCfg = Debug|x64
		{EB29B923-9CF3-4498-8F9A-0073898CA948}.Debug|x64.ActiveCfg = Debug|x64
		{EB29B923-9CF3-4498-8F9A-0073898CA948}.Debug|x64.Build.0 = Debug|x64
		{EB29B923-9CF3-4498-8F9A-0073898CA948}.LDebug|Any CPU.ActiveCfg = WDebug|x64
		{EB29B923-9CF3-4498-8F9A-0073898CA948}.LDebug|Any CPU.Build.0 = WDebug|x64
		{EB29B923-9CF3-4498-8F9A-0073898CA948}.LDebug|x64.ActiveCfg = Debug|x64
		{EB29B923-9CF3-4498-8F9A-0073898CA948}.LDebug|x64.Build.0 = Debug|x64
		{EB29B923-9CF3-4498-8F9A-0073898CA948}.MDebug|Any CPU.ActiveCfg = WDebug|x64
		{EB29B923-9CF3-4498-8F9A-0073898CA948}.MDebug|Any CPU.Build.0 = WDebug|x64
		{EB29B923-9CF3-4498-8F9A-0073898CA948}.MDebug|x64.ActiveCfg = Debug|x64
		{EB29B923-9CF3-4498-8F9A-0073898CA948}.MDebug|x64.Build.0 = Debug|x64
		{EB29B923-9CF3-4498-8F9A-0073898CA948}.Release|Any CPU.ActiveCfg = Release|x64
		{EB29B923-9CF3-4498-8F9A-0073898CA948}.Release|x64.ActiveCfg = Release|x64
		{EB29B923-9CF3-4498-8F9A-0073898CA948}.Release|x64.Build.0 = Release|x64
		{EB29B923-9CF3-4498-8F9A-0073898CA948}.WDebug|Any CPU.ActiveCfg = WDebug|x64
		{EB29B923-9CF3-4498-8F9A-0073898CA948}.WDebug|x64.ActiveCfg = WDebug|x64
		{EB29B923-9CF3-4498-8F9A-0073898CA948}.WDebug|x64.Build.0 = WDebug|x64
		{B5865ACF-8535-4D8C-86C9-53F34A3557F7}.Debug|Any CPU.ActiveCfg = Debug|Any CPU
		{B5865ACF-8535-4D8C-86C9-53F34A3557F7}.Debug|Any CPU.Build.0 = Debug|Any CPU
		{B5865ACF-8535-4D8C-86C9-53F34A3557F7}.Debug|x64.ActiveCfg = Debug|Any CPU
		{B5865ACF-8535-4D8C-86C9-53F34A3557F7}.Debug|x64.Build.0 = Debug|Any CPU
		{B5865ACF-8535-4D8C-86C9-53F34A3557F7}.LDebug|Any CPU.ActiveCfg = Debug|Any CPU
		{B5865ACF-8535-4D8C-86C9-53F34A3557F7}.LDebug|Any CPU.Build.0 = Debug|Any CPU
		{B5865ACF-8535-4D8C-86C9-53F34A3557F7}.LDebug|x64.ActiveCfg = Debug|Any CPU
		{B5865ACF-8535-4D8C-86C9-53F34A3557F7}.LDebug|x64.Build.0 = Debug|Any CPU
		{B5865ACF-8535-4D8C-86C9-53F34A3557F7}.MDebug|Any CPU.ActiveCfg = Debug|Any CPU
		{B5865ACF-8535-4D8C-86C9-53F34A3557F7}.MDebug|Any CPU.Build.0 = Debug|Any CPU
		{B5865ACF-8535-4D8C-86C9-53F34A3557F7}.MDebug|x64.ActiveCfg = Debug|Any CPU
		{B5865ACF-8535-4D8C-86C9-53F34A3557F7}.MDebug|x64.Build.0 = Debug|Any CPU
		{B5865ACF-8535-4D8C-86C9-53F34A3557F7}.Release|Any CPU.ActiveCfg = Release|Any CPU
		{B5865ACF-8535-4D8C-86C9-53F34A3557F7}.Release|Any CPU.Build.0 = Release|Any CPU
		{B5865ACF-8535-4D8C-86C9-53F34A3557F7}.Release|x64.ActiveCfg = Release|Any CPU
		{B5865ACF-8535-4D8C-86C9-53F34A3557F7}.Release|x64.Build.0 = Release|Any CPU
		{B5865ACF-8535-4D8C-86C9-53F34A3557F7}.WDebug|Any CPU.ActiveCfg = Debug|Any CPU
		{B5865ACF-8535-4D8C-86C9-53F34A3557F7}.WDebug|Any CPU.Build.0 = Debug|Any CPU
		{B5865ACF-8535-4D8C-86C9-53F34A3557F7}.WDebug|x64.ActiveCfg = Debug|Any CPU
		{B5865ACF-8535-4D8C-86C9-53F34A3557F7}.WDebug|x64.Build.0 = Debug|Any CPU
		{EFD2D72E-9954-4E14-890B-3FF564ADBEFB}.Debug|Any CPU.ActiveCfg = Debug|Any CPU
		{EFD2D72E-9954-4E14-890B-3FF564ADBEFB}.Debug|Any CPU.Build.0 = Debug|Any CPU
		{EFD2D72E-9954-4E14-890B-3FF564ADBEFB}.Debug|x64.ActiveCfg = Debug|Any CPU
		{EFD2D72E-9954-4E14-890B-3FF564ADBEFB}.Debug|x64.Build.0 = Debug|Any CPU
		{EFD2D72E-9954-4E14-890B-3FF564ADBEFB}.LDebug|Any CPU.ActiveCfg = Debug|Any CPU
		{EFD2D72E-9954-4E14-890B-3FF564ADBEFB}.LDebug|Any CPU.Build.0 = Debug|Any CPU
		{EFD2D72E-9954-4E14-890B-3FF564ADBEFB}.LDebug|x64.ActiveCfg = Debug|Any CPU
		{EFD2D72E-9954-4E14-890B-3FF564ADBEFB}.LDebug|x64.Build.0 = Debug|Any CPU
		{EFD2D72E-9954-4E14-890B-3FF564ADBEFB}.MDebug|Any CPU.ActiveCfg = Debug|Any CPU
		{EFD2D72E-9954-4E14-890B-3FF564ADBEFB}.MDebug|Any CPU.Build.0 = Debug|Any CPU
		{EFD2D72E-9954-4E14-890B-3FF564ADBEFB}.MDebug|x64.ActiveCfg = Debug|Any CPU
		{EFD2D72E-9954-4E14-890B-3FF564ADBEFB}.MDebug|x64.Build.0 = Debug|Any CPU
		{EFD2D72E-9954-4E14-890B-3FF564ADBEFB}.Release|Any CPU.ActiveCfg = Release|Any CPU
		{EFD2D72E-9954-4E14-890B-3FF564ADBEFB}.Release|Any CPU.Build.0 = Release|Any CPU
		{EFD2D72E-9954-4E14-890B-3FF564ADBEFB}.Release|x64.ActiveCfg = Release|Any CPU
		{EFD2D72E-9954-4E14-890B-3FF564ADBEFB}.Release|x64.Build.0 = Release|Any CPU
		{EFD2D72E-9954-4E14-890B-3FF564ADBEFB}.WDebug|Any CPU.ActiveCfg = Debug|Any CPU
		{EFD2D72E-9954-4E14-890B-3FF564ADBEFB}.WDebug|Any CPU.Build.0 = Debug|Any CPU
		{EFD2D72E-9954-4E14-890B-3FF564ADBEFB}.WDebug|x64.ActiveCfg = Debug|Any CPU
		{EFD2D72E-9954-4E14-890B-3FF564ADBEFB}.WDebug|x64.Build.0 = Debug|Any CPU
	EndGlobalSection
	GlobalSection(SolutionProperties) = preSolution
		HideSolutionNode = FALSE
	EndGlobalSection
	GlobalSection(ExtensibilityGlobals) = postSolution
		SolutionGuid = {7AEFC532-07E4-4561-BAB7-8CF470FED72A}
	EndGlobalSection
EndGlobal
