
Microsoft Visual Studio Solution File, Format Version 12.00
# Visual Studio Version 16
VisualStudioVersion = 16.0.30225.117
MinimumVisualStudioVersion = 10.0.40219.1
Project("{FAE04EC0-301F-11D3-BF4B-00C04F79EFBC}") = "AlotAddOnGUI", "AlotAddOnGUI\AlotAddOnGUI.csproj", "{C091BEC9-74DD-46DA-9452-24125BCF573B}"
EndProject
Project("{FAE04EC0-301F-11D3-BF4B-00C04F79EFBC}") = "ManifestSizeGenerator", "ManifestSizeGenerator\ManifestSizeGenerator.csproj", "{7FDFF682-A8D9-46DD-B394-98600D1C68D9}"
EndProject
Project("{9A19103F-16F7-4668-BE54-9A1E7A4F7556}") = "ALOTInstallerCore", "ALOTInstallerCore\ALOTInstallerCore.csproj", "{A5529F25-A3E2-49DB-9079-FACBEB4C5F99}"
EndProject
Project("{9A19103F-16F7-4668-BE54-9A1E7A4F7556}") = "ALOTInstallerWPF", "ALOTInstallerWPF\ALOTInstallerWPF.csproj", "{08714872-9365-4FF2-AC2C-8B7A730D03AE}"
EndProject
Project("{9A19103F-16F7-4668-BE54-9A1E7A4F7556}") = "ALOTInstallerConsole", "ALOTInstallerConsole\ALOTInstallerConsole.csproj", "{EB29B923-9CF3-4498-8F9A-0073898CA948}"
EndProject
Project("{9A19103F-16F7-4668-BE54-9A1E7A4F7556}") = "Terminal.Gui", "gui.cs\Terminal.Gui\Terminal.Gui.csproj", "{B5865ACF-8535-4D8C-86C9-53F34A3557F7}"
EndProject
Project("{9A19103F-16F7-4668-BE54-9A1E7A4F7556}") = "MahApps.Metro", "MahApps.Metro\src\MahApps.Metro\MahApps.Metro.csproj", "{EFD2D72E-9954-4E14-890B-3FF564ADBEFB}"
EndProject
Project("{9A19103F-16F7-4668-BE54-9A1E7A4F7556}") = "ME3ExplorerCore", "ME3ExplorerLib\ME3ExplorerCore\ME3ExplorerCore.csproj", "{4CBBBCE7-7E1B-4C45-9071-AF7F9C2704D9}"
EndProject
Project("{2150E333-8FDC-42A3-9474-1A3956D46DE8}") = "Shared", "Shared", "{705CAF8D-FCC2-4DC4-B4B3-9591BEECB65E}"
	ProjectSection(SolutionItems) = preProject
		SharedAssemblyInfo.proj = SharedAssemblyInfo.proj
	EndProjectSection
EndProject
Global
	GlobalSection(SolutionConfigurationPlatforms) = preSolution
		LinuxDebug|x64 = LinuxDebug|x64
		LinuxRelease|x64 = LinuxRelease|x64
		MacDebug|x64 = MacDebug|x64
		MacRelease|x64 = MacRelease|x64
		WinDebug|x64 = WinDebug|x64
		WPFDebug|x64 = WPFDebug|x64
		WPFRelease|x64 = WPFRelease|x64
	EndGlobalSection
	GlobalSection(ProjectConfigurationPlatforms) = postSolution
		{C091BEC9-74DD-46DA-9452-24125BCF573B}.LinuxDebug|x64.ActiveCfg = Debug|x64
		{C091BEC9-74DD-46DA-9452-24125BCF573B}.LinuxDebug|x64.Build.0 = Debug|x64
		{C091BEC9-74DD-46DA-9452-24125BCF573B}.LinuxRelease|x64.ActiveCfg = Release|x64
		{C091BEC9-74DD-46DA-9452-24125BCF573B}.LinuxRelease|x64.Build.0 = Release|x64
		{C091BEC9-74DD-46DA-9452-24125BCF573B}.MacDebug|x64.ActiveCfg = Debug|x64
		{C091BEC9-74DD-46DA-9452-24125BCF573B}.MacDebug|x64.Build.0 = Debug|x64
		{C091BEC9-74DD-46DA-9452-24125BCF573B}.MacRelease|x64.ActiveCfg = Release|x64
		{C091BEC9-74DD-46DA-9452-24125BCF573B}.MacRelease|x64.Build.0 = Release|x64
		{C091BEC9-74DD-46DA-9452-24125BCF573B}.WinDebug|x64.ActiveCfg = Debug|x64
		{C091BEC9-74DD-46DA-9452-24125BCF573B}.WPFDebug|x64.ActiveCfg = WPFDebug|x64
		{C091BEC9-74DD-46DA-9452-24125BCF573B}.WPFRelease|x64.ActiveCfg = WPFDebug|x64
		{7FDFF682-A8D9-46DD-B394-98600D1C68D9}.LinuxDebug|x64.ActiveCfg = Debug|x64
		{7FDFF682-A8D9-46DD-B394-98600D1C68D9}.LinuxRelease|x64.ActiveCfg = Release|x64
		{7FDFF682-A8D9-46DD-B394-98600D1C68D9}.MacDebug|x64.ActiveCfg = Debug|x64
		{7FDFF682-A8D9-46DD-B394-98600D1C68D9}.MacRelease|x64.ActiveCfg = Release|x64
		{7FDFF682-A8D9-46DD-B394-98600D1C68D9}.WinDebug|x64.ActiveCfg = Debug|x64
		{7FDFF682-A8D9-46DD-B394-98600D1C68D9}.WPFDebug|x64.ActiveCfg = Debug|x64
		{7FDFF682-A8D9-46DD-B394-98600D1C68D9}.WPFRelease|x64.ActiveCfg = Debug|x64
		{A5529F25-A3E2-49DB-9079-FACBEB4C5F99}.LinuxDebug|x64.ActiveCfg = LinuxDebug|x64
		{A5529F25-A3E2-49DB-9079-FACBEB4C5F99}.LinuxDebug|x64.Build.0 = LinuxDebug|x64
		{A5529F25-A3E2-49DB-9079-FACBEB4C5F99}.LinuxRelease|x64.ActiveCfg = LinuxRelease|x64
		{A5529F25-A3E2-49DB-9079-FACBEB4C5F99}.LinuxRelease|x64.Build.0 = LinuxRelease|x64
		{A5529F25-A3E2-49DB-9079-FACBEB4C5F99}.MacDebug|x64.ActiveCfg = WinRelease|x64
		{A5529F25-A3E2-49DB-9079-FACBEB4C5F99}.MacRelease|x64.ActiveCfg = WinRelease|x64
		{A5529F25-A3E2-49DB-9079-FACBEB4C5F99}.WinDebug|x64.ActiveCfg = WinDebug|x64
		{A5529F25-A3E2-49DB-9079-FACBEB4C5F99}.WinDebug|x64.Build.0 = WinDebug|x64
		{A5529F25-A3E2-49DB-9079-FACBEB4C5F99}.WPFDebug|x64.ActiveCfg = WPFDebug|x64
		{A5529F25-A3E2-49DB-9079-FACBEB4C5F99}.WPFDebug|x64.Build.0 = WPFDebug|x64
		{A5529F25-A3E2-49DB-9079-FACBEB4C5F99}.WPFRelease|x64.ActiveCfg = WPFRelease|x64
		{A5529F25-A3E2-49DB-9079-FACBEB4C5F99}.WPFRelease|x64.Build.0 = WPFRelease|x64
		{08714872-9365-4FF2-AC2C-8B7A730D03AE}.LinuxDebug|x64.ActiveCfg = WPFDebug|x64
		{08714872-9365-4FF2-AC2C-8B7A730D03AE}.LinuxRelease|x64.ActiveCfg = WPFRelease|x64
		{08714872-9365-4FF2-AC2C-8B7A730D03AE}.MacDebug|x64.ActiveCfg = WPFDebug|x64
		{08714872-9365-4FF2-AC2C-8B7A730D03AE}.MacRelease|x64.ActiveCfg = WinDebug|x64
		{08714872-9365-4FF2-AC2C-8B7A730D03AE}.WinDebug|x64.ActiveCfg = WPFDebug|x64
		{08714872-9365-4FF2-AC2C-8B7A730D03AE}.WPFDebug|x64.ActiveCfg = WPFDebug|x64
		{08714872-9365-4FF2-AC2C-8B7A730D03AE}.WPFDebug|x64.Build.0 = WPFDebug|x64
		{08714872-9365-4FF2-AC2C-8B7A730D03AE}.WPFRelease|x64.ActiveCfg = WPFRelease|x64
		{08714872-9365-4FF2-AC2C-8B7A730D03AE}.WPFRelease|x64.Build.0 = WPFRelease|x64
		{EB29B923-9CF3-4498-8F9A-0073898CA948}.LinuxDebug|x64.ActiveCfg = LinuxDebug|x64
		{EB29B923-9CF3-4498-8F9A-0073898CA948}.LinuxDebug|x64.Build.0 = LinuxDebug|x64
		{EB29B923-9CF3-4498-8F9A-0073898CA948}.LinuxRelease|x64.ActiveCfg = LinuxRelease|x64
		{EB29B923-9CF3-4498-8F9A-0073898CA948}.LinuxRelease|x64.Build.0 = LinuxRelease|x64
		{EB29B923-9CF3-4498-8F9A-0073898CA948}.MacDebug|x64.ActiveCfg = WinDebug|x64
		{EB29B923-9CF3-4498-8F9A-0073898CA948}.MacRelease|x64.ActiveCfg = WinDebug|x64
		{EB29B923-9CF3-4498-8F9A-0073898CA948}.WinDebug|x64.ActiveCfg = WinDebug|x64
		{EB29B923-9CF3-4498-8F9A-0073898CA948}.WinDebug|x64.Build.0 = WinDebug|x64
		{EB29B923-9CF3-4498-8F9A-0073898CA948}.WPFDebug|x64.ActiveCfg = WinDebug|x64
		{EB29B923-9CF3-4498-8F9A-0073898CA948}.WPFRelease|x64.ActiveCfg = LinuxRelease|x64
		{B5865ACF-8535-4D8C-86C9-53F34A3557F7}.LinuxDebug|x64.ActiveCfg = LinuxDebug|x64
		{B5865ACF-8535-4D8C-86C9-53F34A3557F7}.LinuxDebug|x64.Build.0 = LinuxDebug|x64
		{B5865ACF-8535-4D8C-86C9-53F34A3557F7}.LinuxRelease|x64.ActiveCfg = LinuxRelease|x64
		{B5865ACF-8535-4D8C-86C9-53F34A3557F7}.LinuxRelease|x64.Build.0 = LinuxRelease|x64
		{B5865ACF-8535-4D8C-86C9-53F34A3557F7}.MacDebug|x64.ActiveCfg = WinDebug|x64
		{B5865ACF-8535-4D8C-86C9-53F34A3557F7}.MacRelease|x64.ActiveCfg = WinDebug|x64
		{B5865ACF-8535-4D8C-86C9-53F34A3557F7}.WinDebug|x64.ActiveCfg = Debug|Any CPU
		{B5865ACF-8535-4D8C-86C9-53F34A3557F7}.WinDebug|x64.Build.0 = Debug|Any CPU
		{B5865ACF-8535-4D8C-86C9-53F34A3557F7}.WPFDebug|x64.ActiveCfg = WinDebug|x64
		{B5865ACF-8535-4D8C-86C9-53F34A3557F7}.WPFRelease|x64.ActiveCfg = WinDebug|x64
		{EFD2D72E-9954-4E14-890B-3FF564ADBEFB}.LinuxDebug|x64.ActiveCfg = WPFRelease|x64
		{EFD2D72E-9954-4E14-890B-3FF564ADBEFB}.LinuxRelease|x64.ActiveCfg = WPFRelease|x64
		{EFD2D72E-9954-4E14-890B-3FF564ADBEFB}.MacDebug|x64.ActiveCfg = WPFRelease|x64
		{EFD2D72E-9954-4E14-890B-3FF564ADBEFB}.MacRelease|x64.ActiveCfg = WinDebug|x64
		{EFD2D72E-9954-4E14-890B-3FF564ADBEFB}.WinDebug|x64.ActiveCfg = WinDebug|x64
		{EFD2D72E-9954-4E14-890B-3FF564ADBEFB}.WPFDebug|x64.ActiveCfg = WPFDebug|x64
		{EFD2D72E-9954-4E14-890B-3FF564ADBEFB}.WPFDebug|x64.Build.0 = WPFDebug|x64
		{EFD2D72E-9954-4E14-890B-3FF564ADBEFB}.WPFRelease|x64.ActiveCfg = WPFRelease|x64
		{EFD2D72E-9954-4E14-890B-3FF564ADBEFB}.WPFRelease|x64.Build.0 = WPFRelease|x64
		{4CBBBCE7-7E1B-4C45-9071-AF7F9C2704D9}.LinuxDebug|x64.ActiveCfg = LinuxDebug|x64
		{4CBBBCE7-7E1B-4C45-9071-AF7F9C2704D9}.LinuxDebug|x64.Build.0 = LinuxDebug|x64
		{4CBBBCE7-7E1B-4C45-9071-AF7F9C2704D9}.LinuxRelease|x64.ActiveCfg = LinuxRelease|x64
		{4CBBBCE7-7E1B-4C45-9071-AF7F9C2704D9}.LinuxRelease|x64.Build.0 = LinuxRelease|x64
		{4CBBBCE7-7E1B-4C45-9071-AF7F9C2704D9}.MacDebug|x64.ActiveCfg = MacDebug|x64
		{4CBBBCE7-7E1B-4C45-9071-AF7F9C2704D9}.MacDebug|x64.Build.0 = MacDebug|x64
		{4CBBBCE7-7E1B-4C45-9071-AF7F9C2704D9}.MacRelease|x64.ActiveCfg = MacRelease|x64
		{4CBBBCE7-7E1B-4C45-9071-AF7F9C2704D9}.MacRelease|x64.Build.0 = MacRelease|x64
		{4CBBBCE7-7E1B-4C45-9071-AF7F9C2704D9}.WinDebug|x64.ActiveCfg = WinDebug|x64
		{4CBBBCE7-7E1B-4C45-9071-AF7F9C2704D9}.WinDebug|x64.Build.0 = WinDebug|x64
		{4CBBBCE7-7E1B-4C45-9071-AF7F9C2704D9}.WPFDebug|x64.ActiveCfg = WPFDebug|x64
		{4CBBBCE7-7E1B-4C45-9071-AF7F9C2704D9}.WPFDebug|x64.Build.0 = WPFDebug|x64
		{4CBBBCE7-7E1B-4C45-9071-AF7F9C2704D9}.WPFRelease|x64.ActiveCfg = WPFDebug|x64
		{4CBBBCE7-7E1B-4C45-9071-AF7F9C2704D9}.WPFRelease|x64.Build.0 = WPFDebug|x64
	EndGlobalSection
	GlobalSection(SolutionProperties) = preSolution
		HideSolutionNode = FALSE
	EndGlobalSection
	GlobalSection(ExtensibilityGlobals) = postSolution
		SolutionGuid = {7AEFC532-07E4-4561-BAB7-8CF470FED72A}
	EndGlobalSection
EndGlobal
